
Microsoft Visual Studio Solution File, Format Version 12.00
# Visual Studio Version 17
VisualStudioVersion = 17.14.36518.9
MinimumVisualStudioVersion = 10.0.40219.1
Project("{FAE04EC0-301F-11D3-BF4B-00C04F79EFBC}") = "Matter Network", "Matter Network.csproj", "{892747B7-1540-45D3-A725-2AD226FCCA08}"
EndProject
Project("{FAE04EC0-301F-11D3-BF4B-00C04F79EFBC}") = "Assembly-CSharp", "..\..\..\Rimworld Source Code\Assembly-CSharp.csproj", "{099C3C21-09B7-F386-6DDE-1D91E1CF87F0}"
EndProject
Global
	GlobalSection(SolutionConfigurationPlatforms) = preSolution
		Debug|Any CPU = Debug|Any CPU
		Release|Any CPU = Release|Any CPU
	EndGlobalSection
	GlobalSection(ProjectConfigurationPlatforms) = postSolution
		{892747B7-1540-45D3-A725-2AD226FCCA08}.Debug|Any CPU.ActiveCfg = Debug|Any CPU
		{892747B7-1540-45D3-A725-2AD226FCCA08}.Debug|Any CPU.Build.0 = Debug|Any CPU
		{892747B7-1540-45D3-A725-2AD226FCCA08}.Release|Any CPU.ActiveCfg = Release|Any CPU
		{892747B7-1540-45D3-A725-2AD226FCCA08}.Release|Any CPU.Build.0 = Release|Any CPU
		{099C3C21-09B7-F386-6DDE-1D91E1CF87F0}.Debug|Any CPU.ActiveCfg = Debug|Any CPU
		{099C3C21-09B7-F386-6DDE-1D91E1CF87F0}.Debug|Any CPU.Build.0 = Debug|Any CPU
		{099C3C21-09B7-F386-6DDE-1D91E1CF87F0}.Release|Any CPU.ActiveCfg = Release|Any CPU
		{099C3C21-09B7-F386-6DDE-1D91E1CF87F0}.Release|Any CPU.Build.0 = Release|Any CPU
	EndGlobalSection
	GlobalSection(SolutionProperties) = preSolution
		HideSolutionNode = FALSE
	EndGlobalSection
	GlobalSection(ExtensibilityGlobals) = postSolution
		SolutionGuid = {93F81520-299F-442D-BE3D-FA3F206E4444}
	EndGlobalSection
EndGlobal
